
Microsoft Visual Studio Solution File, Format Version 12.00
# Visual Studio 14
VisualStudioVersion = 14.0.25420.1
MinimumVisualStudioVersion = 10.0.40219.1
Project("{2150E333-8FDC-42A3-9474-1A3956D46DE8}") = "Sites", "Sites", "{BB6402E3-629F-495A-995B-9DE94C5FF199}"
EndProject
Project("{2150E333-8FDC-42A3-9474-1A3956D46DE8}") = "Doc", "Doc", "{88F403C5-E3BB-45C0-ACB6-5F1428CD37A7}"
	ProjectSection(SolutionItems) = preProject
		Automapper.md = Automapper.md
		..\doc\jquery.md = ..\doc\jquery.md
		..\doc\Linq.md = ..\doc\Linq.md
		Moq.md = Moq.md
		UnitTesting.md = UnitTesting.md
	EndProjectSection
EndProject
Project("{2150E333-8FDC-42A3-9474-1A3956D46DE8}") = "Libs", "Libs", "{B882DECC-D257-4670-8AC5-3E4B054A29BC}"
EndProject
Project("{2150E333-8FDC-42A3-9474-1A3956D46DE8}") = "Tests", "Tests", "{A8556E15-AE91-4E80-8BAD-2841ECA95694}"
EndProject
Project("{FAE04EC0-301F-11D3-BF4B-00C04F79EFBC}") = "Backpack.Site", "Backpack.Site\Backpack.Site.csproj", "{50D6BF56-D318-4D09-99C2-1CA9E7BB256E}"
EndProject
Project("{FAE04EC0-301F-11D3-BF4B-00C04F79EFBC}") = "Backpack.Site.Tests", "Backpack.Site.Tests\Backpack.Site.Tests.csproj", "{94CF7650-C0D7-4C64-BFDF-8B2837EDD55E}"
EndProject
Project("{FAE04EC0-301F-11D3-BF4B-00C04F79EFBC}") = "Backpack.Social", "Backpack.Social\Backpack.Social.csproj", "{0A29FC19-63AE-4B8D-9E4E-0C74EA93C18F}"
EndProject
Project("{FAE04EC0-301F-11D3-BF4B-00C04F79EFBC}") = "Backpack", "Backpack\Backpack.csproj", "{9EFED57C-12AD-4581-AE06-994AAB82026C}"
EndProject
Project("{FAE04EC0-301F-11D3-BF4B-00C04F79EFBC}") = "Backpack.Site.Core", "Backpack.Site.Core\Backpack.Site.Core.csproj", "{C8E124A7-8CA2-4545-8F50-4CA5BBC521AB}"
EndProject
Project("{FAE04EC0-301F-11D3-BF4B-00C04F79EFBC}") = "Backpack.Mvc", "Backpack.Mvc\Backpack.Mvc.csproj", "{11ADD701-18B6-40CB-885D-0CFCE415045C}"
EndProject
Project("{FAE04EC0-301F-11D3-BF4B-00C04F79EFBC}") = "Backpack.WebForms", "Backpack.WebForms\Backpack.WebForms.csproj", "{274CC7E5-F43E-4A8B-8FF6-246FAA80BC4D}"
EndProject
Project("{FAE04EC0-301F-11D3-BF4B-00C04F79EFBC}") = "Backpack.Api", "Backpack.Api\Backpack.Api.csproj", "{8F44F77C-8D5D-44BE-8642-F4DFB92F70F7}"
EndProject
Project("{FAE04EC0-301F-11D3-BF4B-00C04F79EFBC}") = "Backpack.Api.Tests", "Backpack.Api.Tests\Backpack.Api.Tests.csproj", "{34FF7E61-6E92-4F99-9168-3246A3574367}"
EndProject
Global
	GlobalSection(SolutionConfigurationPlatforms) = preSolution
		Debug|Any CPU = Debug|Any CPU
		Release|Any CPU = Release|Any CPU
	EndGlobalSection
	GlobalSection(ProjectConfigurationPlatforms) = postSolution
		{50D6BF56-D318-4D09-99C2-1CA9E7BB256E}.Debug|Any CPU.ActiveCfg = Debug|Any CPU
		{50D6BF56-D318-4D09-99C2-1CA9E7BB256E}.Debug|Any CPU.Build.0 = Debug|Any CPU
		{50D6BF56-D318-4D09-99C2-1CA9E7BB256E}.Release|Any CPU.ActiveCfg = Release|Any CPU
		{50D6BF56-D318-4D09-99C2-1CA9E7BB256E}.Release|Any CPU.Build.0 = Release|Any CPU
		{94CF7650-C0D7-4C64-BFDF-8B2837EDD55E}.Debug|Any CPU.ActiveCfg = Debug|Any CPU
		{94CF7650-C0D7-4C64-BFDF-8B2837EDD55E}.Debug|Any CPU.Build.0 = Debug|Any CPU
		{94CF7650-C0D7-4C64-BFDF-8B2837EDD55E}.Release|Any CPU.ActiveCfg = Release|Any CPU
		{94CF7650-C0D7-4C64-BFDF-8B2837EDD55E}.Release|Any CPU.Build.0 = Release|Any CPU
		{0A29FC19-63AE-4B8D-9E4E-0C74EA93C18F}.Debug|Any CPU.ActiveCfg = Debug|Any CPU
		{0A29FC19-63AE-4B8D-9E4E-0C74EA93C18F}.Debug|Any CPU.Build.0 = Debug|Any CPU
		{0A29FC19-63AE-4B8D-9E4E-0C74EA93C18F}.Release|Any CPU.ActiveCfg = Release|Any CPU
		{0A29FC19-63AE-4B8D-9E4E-0C74EA93C18F}.Release|Any CPU.Build.0 = Release|Any CPU
		{9EFED57C-12AD-4581-AE06-994AAB82026C}.Debug|Any CPU.ActiveCfg = Debug|Any CPU
		{9EFED57C-12AD-4581-AE06-994AAB82026C}.Debug|Any CPU.Build.0 = Debug|Any CPU
		{9EFED57C-12AD-4581-AE06-994AAB82026C}.Release|Any CPU.ActiveCfg = Release|Any CPU
		{9EFED57C-12AD-4581-AE06-994AAB82026C}.Release|Any CPU.Build.0 = Release|Any CPU
		{C8E124A7-8CA2-4545-8F50-4CA5BBC521AB}.Debug|Any CPU.ActiveCfg = Debug|Any CPU
		{C8E124A7-8CA2-4545-8F50-4CA5BBC521AB}.Debug|Any CPU.Build.0 = Debug|Any CPU
		{C8E124A7-8CA2-4545-8F50-4CA5BBC521AB}.Release|Any CPU.ActiveCfg = Release|Any CPU
		{C8E124A7-8CA2-4545-8F50-4CA5BBC521AB}.Release|Any CPU.Build.0 = Release|Any CPU
		{11ADD701-18B6-40CB-885D-0CFCE415045C}.Debug|Any CPU.ActiveCfg = Debug|Any CPU
		{11ADD701-18B6-40CB-885D-0CFCE415045C}.Debug|Any CPU.Build.0 = Debug|Any CPU
		{11ADD701-18B6-40CB-885D-0CFCE415045C}.Release|Any CPU.ActiveCfg = Release|Any CPU
		{11ADD701-18B6-40CB-885D-0CFCE415045C}.Release|Any CPU.Build.0 = Release|Any CPU
		{274CC7E5-F43E-4A8B-8FF6-246FAA80BC4D}.Debug|Any CPU.ActiveCfg = Debug|Any CPU
		{274CC7E5-F43E-4A8B-8FF6-246FAA80BC4D}.Debug|Any CPU.Build.0 = Debug|Any CPU
		{274CC7E5-F43E-4A8B-8FF6-246FAA80BC4D}.Release|Any CPU.ActiveCfg = Release|Any CPU
		{274CC7E5-F43E-4A8B-8FF6-246FAA80BC4D}.Release|Any CPU.Build.0 = Release|Any CPU
		{8F44F77C-8D5D-44BE-8642-F4DFB92F70F7}.Debug|Any CPU.ActiveCfg = Debug|Any CPU
		{8F44F77C-8D5D-44BE-8642-F4DFB92F70F7}.Debug|Any CPU.Build.0 = Debug|Any CPU
		{8F44F77C-8D5D-44BE-8642-F4DFB92F70F7}.Release|Any CPU.ActiveCfg = Release|Any CPU
		{8F44F77C-8D5D-44BE-8642-F4DFB92F70F7}.Release|Any CPU.Build.0 = Release|Any CPU
		{34FF7E61-6E92-4F99-9168-3246A3574367}.Debug|Any CPU.ActiveCfg = Debug|Any CPU
		{34FF7E61-6E92-4F99-9168-3246A3574367}.Debug|Any CPU.Build.0 = Debug|Any CPU
		{34FF7E61-6E92-4F99-9168-3246A3574367}.Release|Any CPU.ActiveCfg = Release|Any CPU
		{34FF7E61-6E92-4F99-9168-3246A3574367}.Release|Any CPU.Build.0 = Release|Any CPU
	EndGlobalSection
	GlobalSection(SolutionProperties) = preSolution
		HideSolutionNode = FALSE
	EndGlobalSection
	GlobalSection(NestedProjects) = preSolution
		{50D6BF56-D318-4D09-99C2-1CA9E7BB256E} = {BB6402E3-629F-495A-995B-9DE94C5FF199}
		{94CF7650-C0D7-4C64-BFDF-8B2837EDD55E} = {A8556E15-AE91-4E80-8BAD-2841ECA95694}
		{0A29FC19-63AE-4B8D-9E4E-0C74EA93C18F} = {B882DECC-D257-4670-8AC5-3E4B054A29BC}
		{9EFED57C-12AD-4581-AE06-994AAB82026C} = {B882DECC-D257-4670-8AC5-3E4B054A29BC}
		{C8E124A7-8CA2-4545-8F50-4CA5BBC521AB} = {B882DECC-D257-4670-8AC5-3E4B054A29BC}
		{11ADD701-18B6-40CB-885D-0CFCE415045C} = {B882DECC-D257-4670-8AC5-3E4B054A29BC}
		{274CC7E5-F43E-4A8B-8FF6-246FAA80BC4D} = {BB6402E3-629F-495A-995B-9DE94C5FF199}
		{8F44F77C-8D5D-44BE-8642-F4DFB92F70F7} = {BB6402E3-629F-495A-995B-9DE94C5FF199}
		{34FF7E61-6E92-4F99-9168-3246A3574367} = {A8556E15-AE91-4E80-8BAD-2841ECA95694}
	EndGlobalSection
EndGlobal
